
Microsoft Visual Studio Solution File, Format Version 12.00
# Visual Studio 15
VisualStudioVersion = 15.0.27004.2010
MinimumVisualStudioVersion = 10.0.40219.1
Project("{FAE04EC0-301F-11D3-BF4B-00C04F79EFBC}") = "PostProcessors", "PostProcessors\PostProcessors.csproj", "{0E0FCF2B-3FF7-4686-9F64-B533A3B351BE}"
EndProject
Global
	GlobalSection(SolutionConfigurationPlatforms) = preSolution
		Debug|Any CPU = Debug|Any CPU
		Release|Any CPU = Release|Any CPU
	EndGlobalSection
	GlobalSection(ProjectConfigurationPlatforms) = postSolution
		{0E0FCF2B-3FF7-4686-9F64-B533A3B351BE}.Debug|Any CPU.ActiveCfg = Debug|Any CPU
		{0E0FCF2B-3FF7-4686-9F64-B533A3B351BE}.Debug|Any CPU.Build.0 = Debug|Any CPU
		{0E0FCF2B-3FF7-4686-9F64-B533A3B351BE}.Release|Any CPU.ActiveCfg = Release|Any CPU
		{0E0FCF2B-3FF7-4686-9F64-B533A3B351BE}.Release|Any CPU.Build.0 = Release|Any CPU
	EndGlobalSection
	GlobalSection(SolutionProperties) = preSolution
		HideSolutionNode = FALSE
	EndGlobalSection
	GlobalSection(ExtensibilityGlobals) = postSolution
		SolutionGuid = {47E49B16-6EF6-4363-9406-E238A34001AF}
	EndGlobalSection
EndGlobal
